
Microsoft Visual Studio Solution File, Format Version 12.00
# Visual Studio Version 16
VisualStudioVersion = 16.0.30001.183
MinimumVisualStudioVersion = 10.0.40219.1
Project("{9A19103F-16F7-4668-BE54-9A1E7A4F7556}") = "Basics", "Basics\Basics.csproj", "{9571F141-949E-48F0-9077-C3D29EBCDD58}"
EndProject
Project("{9A19103F-16F7-4668-BE54-9A1E7A4F7556}") = "IdentityExample", "IdentityExample\IdentityExample.csproj", "{157B0969-3D39-4F5E-9D02-831433699F38}"
EndProject
Project("{2150E333-8FDC-42A3-9474-1A3956D46DE8}") = "Basic", "Basic", "{679FAC86-60ED-4228-938B-7492632AFF2A}"
EndProject
Project("{2150E333-8FDC-42A3-9474-1A3956D46DE8}") = "oauth", "oauth", "{61F88454-7E2B-4F96-A1A4-C2E8177D3694}"
EndProject
Project("{9A19103F-16F7-4668-BE54-9A1E7A4F7556}") = "Server", "Server\Server.csproj", "{E1B38044-E885-4820-950E-9D26DD918D0D}"
EndProject
Project("{9A19103F-16F7-4668-BE54-9A1E7A4F7556}") = "Client", "Client\Client.csproj", "{D46B1ECF-8FD2-4334-AEF3-8524D7A5CE4F}"
EndProject
Project("{9A19103F-16F7-4668-BE54-9A1E7A4F7556}") = "Api", "Api\Api.csproj", "{9997CC86-C3F5-4155-A14C-42DE5BF0200E}"
EndProject
Project("{2150E333-8FDC-42A3-9474-1A3956D46DE8}") = "IdentityServer4", "IdentityServer4", "{FB4F5F8A-4FD2-4C73-BDCA-1DD9AAE452E8}"
EndProject
Project("{FAE04EC0-301F-11D3-BF4B-00C04F79EFBC}") = "IdentityServer", "IdentityServer\IdentityServer.csproj", "{6B347A26-2697-436E-8076-EE4E83A01842}"
EndProject
Project("{FAE04EC0-301F-11D3-BF4B-00C04F79EFBC}") = "ApiOne", "ApiOne\ApiOne.csproj", "{1C7A4B66-F9FB-4416-B6CB-326AC7553D29}"
EndProject
Project("{FAE04EC0-301F-11D3-BF4B-00C04F79EFBC}") = "ApiTwo", "ApiTwo\ApiTwo.csproj", "{EF4C5248-7860-40CB-89EF-6BA2C55337DE}"
EndProject
Global
	GlobalSection(SolutionConfigurationPlatforms) = preSolution
		Debug|Any CPU = Debug|Any CPU
		Release|Any CPU = Release|Any CPU
	EndGlobalSection
	GlobalSection(ProjectConfigurationPlatforms) = postSolution
		{9571F141-949E-48F0-9077-C3D29EBCDD58}.Debug|Any CPU.ActiveCfg = Debug|Any CPU
		{9571F141-949E-48F0-9077-C3D29EBCDD58}.Debug|Any CPU.Build.0 = Debug|Any CPU
		{9571F141-949E-48F0-9077-C3D29EBCDD58}.Release|Any CPU.ActiveCfg = Release|Any CPU
		{9571F141-949E-48F0-9077-C3D29EBCDD58}.Release|Any CPU.Build.0 = Release|Any CPU
		{157B0969-3D39-4F5E-9D02-831433699F38}.Debug|Any CPU.ActiveCfg = Debug|Any CPU
		{157B0969-3D39-4F5E-9D02-831433699F38}.Debug|Any CPU.Build.0 = Debug|Any CPU
		{157B0969-3D39-4F5E-9D02-831433699F38}.Release|Any CPU.ActiveCfg = Release|Any CPU
		{157B0969-3D39-4F5E-9D02-831433699F38}.Release|Any CPU.Build.0 = Release|Any CPU
		{E1B38044-E885-4820-950E-9D26DD918D0D}.Debug|Any CPU.ActiveCfg = Debug|Any CPU
		{E1B38044-E885-4820-950E-9D26DD918D0D}.Debug|Any CPU.Build.0 = Debug|Any CPU
		{E1B38044-E885-4820-950E-9D26DD918D0D}.Release|Any CPU.ActiveCfg = Release|Any CPU
		{E1B38044-E885-4820-950E-9D26DD918D0D}.Release|Any CPU.Build.0 = Release|Any CPU
		{D46B1ECF-8FD2-4334-AEF3-8524D7A5CE4F}.Debug|Any CPU.ActiveCfg = Debug|Any CPU
		{D46B1ECF-8FD2-4334-AEF3-8524D7A5CE4F}.Debug|Any CPU.Build.0 = Debug|Any CPU
		{D46B1ECF-8FD2-4334-AEF3-8524D7A5CE4F}.Release|Any CPU.ActiveCfg = Release|Any CPU
		{D46B1ECF-8FD2-4334-AEF3-8524D7A5CE4F}.Release|Any CPU.Build.0 = Release|Any CPU
		{9997CC86-C3F5-4155-A14C-42DE5BF0200E}.Debug|Any CPU.ActiveCfg = Debug|Any CPU
		{9997CC86-C3F5-4155-A14C-42DE5BF0200E}.Debug|Any CPU.Build.0 = Debug|Any CPU
		{9997CC86-C3F5-4155-A14C-42DE5BF0200E}.Release|Any CPU.ActiveCfg = Release|Any CPU
		{9997CC86-C3F5-4155-A14C-42DE5BF0200E}.Release|Any CPU.Build.0 = Release|Any CPU
		{6B347A26-2697-436E-8076-EE4E83A01842}.Debug|Any CPU.ActiveCfg = Debug|Any CPU
		{6B347A26-2697-436E-8076-EE4E83A01842}.Debug|Any CPU.Build.0 = Debug|Any CPU
		{6B347A26-2697-436E-8076-EE4E83A01842}.Release|Any CPU.ActiveCfg = Release|Any CPU
		{6B347A26-2697-436E-8076-EE4E83A01842}.Release|Any CPU.Build.0 = Release|Any CPU
		{1C7A4B66-F9FB-4416-B6CB-326AC7553D29}.Debug|Any CPU.ActiveCfg = Debug|Any CPU
		{1C7A4B66-F9FB-4416-B6CB-326AC7553D29}.Debug|Any CPU.Build.0 = Debug|Any CPU
		{1C7A4B66-F9FB-4416-B6CB-326AC7553D29}.Release|Any CPU.ActiveCfg = Release|Any CPU
		{1C7A4B66-F9FB-4416-B6CB-326AC7553D29}.Release|Any CPU.Build.0 = Release|Any CPU
		{EF4C5248-7860-40CB-89EF-6BA2C55337DE}.Debug|Any CPU.ActiveCfg = Debug|Any CPU
		{EF4C5248-7860-40CB-89EF-6BA2C55337DE}.Debug|Any CPU.Build.0 = Debug|Any CPU
		{EF4C5248-7860-40CB-89EF-6BA2C55337DE}.Release|Any CPU.ActiveCfg = Release|Any CPU
		{EF4C5248-7860-40CB-89EF-6BA2C55337DE}.Release|Any CPU.Build.0 = Release|Any CPU
	EndGlobalSection
	GlobalSection(SolutionProperties) = preSolution
		HideSolutionNode = FALSE
	EndGlobalSection
	GlobalSection(NestedProjects) = preSolution
		{9571F141-949E-48F0-9077-C3D29EBCDD58} = {679FAC86-60ED-4228-938B-7492632AFF2A}
		{157B0969-3D39-4F5E-9D02-831433699F38} = {679FAC86-60ED-4228-938B-7492632AFF2A}
		{E1B38044-E885-4820-950E-9D26DD918D0D} = {61F88454-7E2B-4F96-A1A4-C2E8177D3694}
		{D46B1ECF-8FD2-4334-AEF3-8524D7A5CE4F} = {61F88454-7E2B-4F96-A1A4-C2E8177D3694}
		{9997CC86-C3F5-4155-A14C-42DE5BF0200E} = {61F88454-7E2B-4F96-A1A4-C2E8177D3694}
		{6B347A26-2697-436E-8076-EE4E83A01842} = {FB4F5F8A-4FD2-4C73-BDCA-1DD9AAE452E8}
		{1C7A4B66-F9FB-4416-B6CB-326AC7553D29} = {FB4F5F8A-4FD2-4C73-BDCA-1DD9AAE452E8}
		{EF4C5248-7860-40CB-89EF-6BA2C55337DE} = {FB4F5F8A-4FD2-4C73-BDCA-1DD9AAE452E8}
	EndGlobalSection
	GlobalSection(ExtensibilityGlobals) = postSolution
		SolutionGuid = {0EA8227E-585A-47B1-82C7-AA8B6407FF45}
	EndGlobalSection
EndGlobal
